
Microsoft Visual Studio Solution File, Format Version 12.00
# Visual Studio Version 17
VisualStudioVersion = 17.10.34928.147
MinimumVisualStudioVersion = 10.0.40219.1
Project("{FAE04EC0-301F-11D3-BF4B-00C04F79EFBC}") = "TheDreamWorks", "TheDreamWorks.csproj", "{134FDB0A-2E4B-4EE9-9F77-70DB6AAB24D4}"
EndProject
Global
	GlobalSection(SolutionConfigurationPlatforms) = preSolution
		Debug|Any CPU = Debug|Any CPU
		Release|Any CPU = Release|Any CPU
	EndGlobalSection
	GlobalSection(ProjectConfigurationPlatforms) = postSolution
		{134FDB0A-2E4B-4EE9-9F77-70DB6AAB24D4}.Debug|Any CPU.ActiveCfg = Debug|Any CPU
		{134FDB0A-2E4B-4EE9-9F77-70DB6AAB24D4}.Debug|Any CPU.Build.0 = Debug|Any CPU
		{134FDB0A-2E4B-4EE9-9F77-70DB6AAB24D4}.Release|Any CPU.ActiveCfg = Release|Any CPU
		{134FDB0A-2E4B-4EE9-9F77-70DB6AAB24D4}.Release|Any CPU.Build.0 = Release|Any CPU
	EndGlobalSection
	GlobalSection(SolutionProperties) = preSolution
		HideSolutionNode = FALSE
	EndGlobalSection
	GlobalSection(ExtensibilityGlobals) = postSolution
		SolutionGuid = {6279B009-CCCD-4532-B809-A793EC9E6EC3}
	EndGlobalSection
EndGlobal
